// !$*UTF8*$!
{
	archiveVersion = 1;
	classes = {
	};
	objectVersion = 77;
	objects = {

/* Begin PBXContainerItemProxy section */
		1850D5F02D07DCE0000A4990 /* PBXContainerItemProxy */ = {
			isa = PBXContainerItemProxy;
			containerPortal = 1850D5D72D07DCDF000A4990 /* Project object */;
			proxyType = 1;
			remoteGlobalIDString = 1850D5DE2D07DCDF000A4990;
			remoteInfo = jankenGame;
		};
		1850D5FA2D07DCE0000A4990 /* PBXContainerItemProxy */ = {
			isa = PBXContainerItemProxy;
			containerPortal = 1850D5D72D07DCDF000A4990 /* Project object */;
			proxyType = 1;
			remoteGlobalIDString = 1850D5DE2D07DCDF000A4990;
			remoteInfo = jankenGame;
		};
/* End PBXContainerItemProxy section */

/* Begin PBXFileReference section */
		1850D5DF2D07DCDF000A4990 /* jankenGame.app */ = {isa = PBXFileReference; explicitFileType = wrapper.application; includeInIndex = 0; path = jankenGame.app; sourceTree = BUILT_PRODUCTS_DIR; };
		1850D5EF2D07DCE0000A4990 /* jankenGameTests.xctest */ = {isa = PBXFileReference; explicitFileType = wrapper.cfbundle; includeInIndex = 0; path = jankenGameTests.xctest; sourceTree = BUILT_PRODUCTS_DIR; };
		1850D5F92D07DCE0000A4990 /* jankenGameUITests.xctest */ = {isa = PBXFileReference; explicitFileType = wrapper.cfbundle; includeInIndex = 0; path = jankenGameUITests.xctest; sourceTree = BUILT_PRODUCTS_DIR; };
/* End PBXFileReference section */

/* Begin PBXFileSystemSynchronizedRootGroup section */
		1850D5E12D07DCDF000A4990 /* jankenGame */ = {
			isa = PBXFileSystemSynchronizedRootGroup;
			path = jankenGame;
			sourceTree = "<group>";
		};
		1850D5F22D07DCE0000A4990 /* jankenGameTests */ = {
			isa = PBXFileSystemSynchronizedRootGroup;
			path = jankenGameTests;
			sourceTree = "<group>";
		};
		1850D5FC2D07DCE0000A4990 /* jankenGameUITests */ = {
			isa = PBXFileSystemSynchronizedRootGroup;
			path = jankenGameUITests;
			sourceTree = "<group>";
		};
/* End PBXFileSystemSynchronizedRootGroup section */

/* Begin PBXFrameworksBuildPhase section */
		1850D5DC2D07DCDF000A4990 /* Frameworks */ = {
			isa = PBXFrameworksBuildPhase;
			buildActionMask = 2147483647;
			files = (
			);
			runOnlyForDeploymentPostprocessing = 0;
		};
		1850D5EC2D07DCE0000A4990 /* Frameworks */ = {
			isa = PBXFrameworksBuildPhase;
			buildActionMask = 2147483647;
			files = (
			);
			runOnlyForDeploymentPostprocessing = 0;
		};
		1850D5F62D07DCE0000A4990 /* Frameworks */ = {
			isa = PBXFrameworksBuildPhase;
			buildActionMask = 2147483647;
			files = (
			);
			runOnlyForDeploymentPostprocessing = 0;
		};
/* End PBXFrameworksBuildPhase section */

/* Begin PBXGroup section */
		1850D5D62D07DCDF000A4990 = {
			isa = PBXGroup;
			children = (
				1850D5E12D07DCDF000A4990 /* jankenGame */,
				1850D5F22D07DCE0000A4990 /* jankenGameTests */,
				1850D5FC2D07DCE0000A4990 /* jankenGameUITests */,
				1850D5E02D07DCDF000A4990 /* Products */,
			);
			sourceTree = "<group>";
		};
		1850D5E02D07DCDF000A4990 /* Products */ = {
			isa = PBXGroup;
			children = (
				1850D5DF2D07DCDF000A4990 /* jankenGame.app */,
				1850D5EF2D07DCE0000A4990 /* jankenGameTests.xctest */,
				1850D5F92D07DCE0000A4990 /* jankenGameUITests.xctest */,
			);
			name = Products;
			sourceTree = "<group>";
		};
/* End PBXGroup section */

/* Begin PBXNativeTarget section */
		1850D5DE2D07DCDF000A4990 /* jankenGame */ = {
			isa = PBXNativeTarget;
			buildConfigurationList = 1850D6032D07DCE0000A4990 /* Build configuration list for PBXNativeTarget "jankenGame" */;
			buildPhases = (
				1850D5DB2D07DCDF000A4990 /* Sources */,
				1850D5DC2D07DCDF000A4990 /* Frameworks */,
				1850D5DD2D07DCDF000A4990 /* Resources */,
			);
			buildRules = (
			);
			dependencies = (
			);
			fileSystemSynchronizedGroups = (
				1850D5E12D07DCDF000A4990 /* jankenGame */,
			);
			name = jankenGame;
			packageProductDependencies = (
			);
			productName = jankenGame;
			productReference = 1850D5DF2D07DCDF000A4990 /* jankenGame.app */;
			productType = "com.apple.product-type.application";
		};
		1850D5EE2D07DCE0000A4990 /* jankenGameTests */ = {
			isa = PBXNativeTarget;
			buildConfigurationList = 1850D6062D07DCE0000A4990 /* Build configuration list for PBXNativeTarget "jankenGameTests" */;
			buildPhases = (
				1850D5EB2D07DCE0000A4990 /* Sources */,
				1850D5EC2D07DCE0000A4990 /* Frameworks */,
				1850D5ED2D07DCE0000A4990 /* Resources */,
			);
			buildRules = (
			);
			dependencies = (
				1850D5F12D07DCE0000A4990 /* PBXTargetDependency */,
			);
			fileSystemSynchronizedGroups = (
				1850D5F22D07DCE0000A4990 /* jankenGameTests */,
			);
			name = jankenGameTests;
			packageProductDependencies = (
			);
			productName = jankenGameTests;
			productReference = 1850D5EF2D07DCE0000A4990 /* jankenGameTests.xctest */;
			productType = "com.apple.product-type.bundle.unit-test";
		};
		1850D5F82D07DCE0000A4990 /* jankenGameUITests */ = {
			isa = PBXNativeTarget;
			buildConfigurationList = 1850D6092D07DCE0000A4990 /* Build configuration list for PBXNativeTarget "jankenGameUITests" */;
			buildPhases = (
				1850D5F52D07DCE0000A4990 /* Sources */,
				1850D5F62D07DCE0000A4990 /* Frameworks */,
				1850D5F72D07DCE0000A4990 /* Resources */,
			);
			buildRules = (
			);
			dependencies = (
				1850D5FB2D07DCE0000A4990 /* PBXTargetDependency */,
			);
			fileSystemSynchronizedGroups = (
				1850D5FC2D07DCE0000A4990 /* jankenGameUITests */,
			);
			name = jankenGameUITests;
			packageProductDependencies = (
			);
			productName = jankenGameUITests;
			productReference = 1850D5F92D07DCE0000A4990 /* jankenGameUITests.xctest */;
			productType = "com.apple.product-type.bundle.ui-testing";
		};
/* End PBXNativeTarget section */

/* Begin PBXProject section */
		1850D5D72D07DCDF000A4990 /* Project object */ = {
			isa = PBXProject;
			attributes = {
				BuildIndependentTargetsInParallel = 1;
				LastSwiftUpdateCheck = 1610;
				LastUpgradeCheck = 1610;
				TargetAttributes = {
					1850D5DE2D07DCDF000A4990 = {
						CreatedOnToolsVersion = 16.1;
					};
					1850D5EE2D07DCE0000A4990 = {
						CreatedOnToolsVersion = 16.1;
						TestTargetID = 1850D5DE2D07DCDF000A4990;
					};
					1850D5F82D07DCE0000A4990 = {
						CreatedOnToolsVersion = 16.1;
						TestTargetID = 1850D5DE2D07DCDF000A4990;
					};
				};
			};
			buildConfigurationList = 1850D5DA2D07DCDF000A4990 /* Build configuration list for PBXProject "jankenGame" */;
			developmentRegion = en;
			hasScannedForEncodings = 0;
			knownRegions = (
				en,
				Base,
			);
			mainGroup = 1850D5D62D07DCDF000A4990;
			minimizedProjectReferenceProxies = 1;
			preferredProjectObjectVersion = 77;
			productRefGroup = 1850D5E02D07DCDF000A4990 /* Products */;
			projectDirPath = "";
			projectRoot = "";
			targets = (
				1850D5DE2D07DCDF000A4990 /* jankenGame */,
				1850D5EE2D07DCE0000A4990 /* jankenGameTests */,
				1850D5F82D07DCE0000A4990 /* jankenGameUITests */,
			);
		};
/* End PBXProject section */

/* Begin PBXResourcesBuildPhase section */
		1850D5DD2D07DCDF000A4990 /* Resources */ = {
			isa = PBXResourcesBuildPhase;
			buildActionMask = 2147483647;
			files = (
			);
			runOnlyForDeploymentPostprocessing = 0;
		};
		1850D5ED2D07DCE0000A4990 /* Resources */ = {
			isa = PBXResourcesBuildPhase;
			buildActionMask = 2147483647;
			files = (
			);
			runOnlyForDeploymentPostprocessing = 0;
		};
		1850D5F72D07DCE0000A4990 /* Resources */ = {
			isa = PBXResourcesBuildPhase;
			buildActionMask = 2147483647;
			files = (
			);
			runOnlyForDeploymentPostprocessing = 0;
		};
/* End PBXResourcesBuildPhase section */

/* Begin PBXSourcesBuildPhase section */
		1850D5DB2D07DCDF000A4990 /* Sources */ = {
			isa = PBXSourcesBuildPhase;
			buildActionMask = 2147483647;
			files = (
			);
			runOnlyForDeploymentPostprocessing = 0;
		};
		1850D5EB2D07DCE0000A4990 /* Sources */ = {
			isa = PBXSourcesBuildPhase;
			buildActionMask = 2147483647;
			files = (
			);
			runOnlyForDeploymentPostprocessing = 0;
		};
		1850D5F52D07DCE0000A4990 /* Sources */ = {
			isa = PBXSourcesBuildPhase;
			buildActionMask = 2147483647;
			files = (
			);
			runOnlyForDeploymentPostprocessing = 0;
		};
/* End PBXSourcesBuildPhase section */

/* Begin PBXTargetDependency section */
		1850D5F12D07DCE0000A4990 /* PBXTargetDependency */ = {
			isa = PBXTargetDependency;
			target = 1850D5DE2D07DCDF000A4990 /* jankenGame */;
			targetProxy = 1850D5F02D07DCE0000A4990 /* PBXContainerItemProxy */;
		};
		1850D5FB2D07DCE0000A4990 /* PBXTargetDependency */ = {
			isa = PBXTargetDependency;
			target = 1850D5DE2D07DCDF000A4990 /* jankenGame */;
			targetProxy = 1850D5FA2D07DCE0000A4990 /* PBXContainerItemProxy */;
		};
/* End PBXTargetDependency section */

/* Begin XCBuildConfiguration section */
		1850D6012D07DCE0000A4990 /* Debug */ = {
			isa = XCBuildConfiguration;
			buildSettings = {
				ALWAYS_SEARCH_USER_PATHS = NO;
				ASSETCATALOG_COMPILER_GENERATE_SWIFT_ASSET_SYMBOL_EXTENSIONS = YES;
				CLANG_ANALYZER_NONNULL = YES;
				CLANG_ANALYZER_NUMBER_OBJECT_CONVERSION = YES_AGGRESSIVE;
				CLANG_CXX_LANGUAGE_STANDARD = "gnu++20";
				CLANG_ENABLE_MODULES = YES;
				CLANG_ENABLE_OBJC_ARC = YES;
				CLANG_ENABLE_OBJC_WEAK = YES;
				CLANG_WARN_BLOCK_CAPTURE_AUTORELEASING = YES;
				CLANG_WARN_BOOL_CONVERSION = YES;
				CLANG_WARN_COMMA = YES;
				CLANG_WARN_CONSTANT_CONVERSION = YES;
				CLANG_WARN_DEPRECATED_OBJC_IMPLEMENTATIONS = YES;
				CLANG_WARN_DIRECT_OBJC_ISA_USAGE = YES_ERROR;
				CLANG_WARN_DOCUMENTATION_COMMENTS = YES;
				CLANG_WARN_EMPTY_BODY = YES;
				CLANG_WARN_ENUM_CONVERSION = YES;
				CLANG_WARN_INFINITE_RECURSION = YES;
				CLANG_WARN_INT_CONVERSION = YES;
				CLANG_WARN_NON_LITERAL_NULL_CONVERSION = YES;
				CLANG_WARN_OBJC_IMPLICIT_RETAIN_SELF = YES;
				CLANG_WARN_OBJC_LITERAL_CONVERSION = YES;
				CLANG_WARN_OBJC_ROOT_CLASS = YES_ERROR;
				CLANG_WARN_QUOTED_INCLUDE_IN_FRAMEWORK_HEADER = YES;
				CLANG_WARN_RANGE_LOOP_ANALYSIS = YES;
				CLANG_WARN_STRICT_PROTOTYPES = YES;
				CLANG_WARN_SUSPICIOUS_MOVE = YES;
				CLANG_WARN_UNGUARDED_AVAILABILITY = YES_AGGRESSIVE;
				CLANG_WARN_UNREACHABLE_CODE = YES;
				CLANG_WARN__DUPLICATE_METHOD_MATCH = YES;
				COPY_PHASE_STRIP = NO;
				DEBUG_INFORMATION_FORMAT = dwarf;
				ENABLE_STRICT_OBJC_MSGSEND = YES;
				ENABLE_TESTABILITY = YES;
				ENABLE_USER_SCRIPT_SANDBOXING = YES;
				GCC_C_LANGUAGE_STANDARD = gnu17;
				GCC_DYNAMIC_NO_PIC = NO;
				GCC_NO_COMMON_BLOCKS = YES;
				GCC_OPTIMIZATION_LEVEL = 0;
				GCC_PREPROCESSOR_DEFINITIONS = (
					"DEBUG=1",
					"$(inherited)",
				);
				GCC_WARN_64_TO_32_BIT_CONVERSION = YES;
				GCC_WARN_ABOUT_RETURN_TYPE = YES_ERROR;
				GCC_WARN_UNDECLARED_SELECTOR = YES;
				GCC_WARN_UNINITIALIZED_AUTOS = YES_AGGRESSIVE;
				GCC_WARN_UNUSED_FUNCTION = YES;
				GCC_WARN_UNUSED_VARIABLE = YES;
				IPHONEOS_DEPLOYMENT_TARGET = 18.1;
				LOCALIZATION_PREFERS_STRING_CATALOGS = YES;
				MTL_ENABLE_DEBUG_INFO = INCLUDE_SOURCE;
				MTL_FAST_MATH = YES;
				ONLY_ACTIVE_ARCH = YES;
				SDKROOT = iphoneos;
				SWIFT_ACTIVE_COMPILATION_CONDITIONS = "DEBUG $(inherited)";
				SWIFT_OPTIMIZATION_LEVEL = "-Onone";
			};
			name = Debug;
		};
		1850D6022D07DCE0000A4990 /* Release */ = {
			isa = XCBuildConfiguration;
			buildSettings = {
				ALWAYS_SEARCH_USER_PATHS = NO;
				ASSETCATALOG_COMPILER_GENERATE_SWIFT_ASSET_SYMBOL_EXTENSIONS = YES;
				CLANG_ANALYZER_NONNULL = YES;
				CLANG_ANALYZER_NUMBER_OBJECT_CONVERSION = YES_AGGRESSIVE;
				CLANG_CXX_LANGUAGE_STANDARD = "gnu++20";
				CLANG_ENABLE_MODULES = YES;
				CLANG_ENABLE_OBJC_ARC = YES;
				CLANG_ENABLE_OBJC_WEAK = YES;
				CLANG_WARN_BLOCK_CAPTURE_AUTORELEASING = YES;
				CLANG_WARN_BOOL_CONVERSION = YES;
				CLANG_WARN_COMMA = YES;
				CLANG_WARN_CONSTANT_CONVERSION = YES;
				CLANG_WARN_DEPRECATED_OBJC_IMPLEMENTATIONS = YES;
				CLANG_WARN_DIRECT_OBJC_ISA_USAGE = YES_ERROR;
				CLANG_WARN_DOCUMENTATION_COMMENTS = YES;
				CLANG_WARN_EMPTY_BODY = YES;
				CLANG_WARN_ENUM_CONVERSION = YES;
				CLANG_WARN_INFINITE_RECURSION = YES;
				CLANG_WARN_INT_CONVERSION = YES;
				CLANG_WARN_NON_LITERAL_NULL_CONVERSION = YES;
				CLANG_WARN_OBJC_IMPLICIT_RETAIN_SELF = YES;
				CLANG_WARN_OBJC_LITERAL_CONVERSION = YES;
				CLANG_WARN_OBJC_ROOT_CLASS = YES_ERROR;
				CLANG_WARN_QUOTED_INCLUDE_IN_FRAMEWORK_HEADER = YES;
				CLANG_WARN_RANGE_LOOP_ANALYSIS = YES;
				CLANG_WARN_STRICT_PROTOTYPES = YES;
				CLANG_WARN_SUSPICIOUS_MOVE = YES;
				CLANG_WARN_UNGUARDED_AVAILABILITY = YES_AGGRESSIVE;
				CLANG_WARN_UNREACHABLE_CODE = YES;
				CLANG_WARN__DUPLICATE_METHOD_MATCH = YES;
				COPY_PHASE_STRIP = NO;
				DEBUG_INFORMATION_FORMAT = "dwarf-with-dsym";
				ENABLE_NS_ASSERTIONS = NO;
				ENABLE_STRICT_OBJC_MSGSEND = YES;
				ENABLE_USER_SCRIPT_SANDBOXING = YES;
				GCC_C_LANGUAGE_STANDARD = gnu17;
				GCC_NO_COMMON_BLOCKS = YES;
				GCC_WARN_64_TO_32_BIT_CONVERSION = YES;
				GCC_WARN_ABOUT_RETURN_TYPE = YES_ERROR;
				GCC_WARN_UNDECLARED_SELECTOR = YES;
				GCC_WARN_UNINITIALIZED_AUTOS = YES_AGGRESSIVE;
				GCC_WARN_UNUSED_FUNCTION = YES;
				GCC_WARN_UNUSED_VARIABLE = YES;
				IPHONEOS_DEPLOYMENT_TARGET = 18.1;
				LOCALIZATION_PREFERS_STRING_CATALOGS = YES;
				MTL_ENABLE_DEBUG_INFO = NO;
				MTL_FAST_MATH = YES;
				SDKROOT = iphoneos;
				SWIFT_COMPILATION_MODE = wholemodule;
				VALIDATE_PRODUCT = YES;
			};
			name = Release;
		};
		1850D6042D07DCE0000A4990 /* Debug */ = {
			isa = XCBuildConfiguration;
			buildSettings = {
				ASSETCATALOG_COMPILER_APPICON_NAME = AppIcon;
				ASSETCATALOG_COMPILER_GLOBAL_ACCENT_COLOR_NAME = AccentColor;
				CODE_SIGN_STYLE = Automatic;
				CURRENT_PROJECT_VERSION = 1;
				DEVELOPMENT_ASSET_PATHS = "\"jankenGame/Preview Content\"";
				DEVELOPMENT_TEAM = F7NR4NRHHB;
				ENABLE_PREVIEWS = YES;
				GENERATE_INFOPLIST_FILE = YES;
				INFOPLIST_KEY_UIApplicationSceneManifest_Generation = YES;
				INFOPLIST_KEY_UIApplicationSupportsIndirectInputEvents = YES;
				INFOPLIST_KEY_UILaunchScreen_Generation = YES;
				INFOPLIST_KEY_UISupportedInterfaceOrientations_iPad = "UIInterfaceOrientationPortrait UIInterfaceOrientationPortraitUpsideDown UIInterfaceOrientationLandscapeLeft UIInterfaceOrientationLandscapeRight";
				INFOPLIST_KEY_UISupportedInterfaceOrientations_iPhone = "UIInterfaceOrientationPortrait UIInterfaceOrientationLandscapeLeft UIInterfaceOrientationLandscapeRight";
				LD_RUNPATH_SEARCH_PATHS = (
					"$(inherited)",
					"@executable_path/Frameworks",
				);
				MARKETING_VERSION = 1.0;
				PRODUCT_BUNDLE_IDENTIFIER = chika.jankenGame;
				PRODUCT_NAME = "$(TARGET_NAME)";
				SWIFT_EMIT_LOC_STRINGS = YES;
				SWIFT_VERSION = 5.0;
				TARGETED_DEVICE_FAMILY = "1,2";
			};
			name = Debug;
		};
		1850D6052D07DCE0000A4990 /* Release */ = {
			isa = XCBuildConfiguration;
			buildSettings = {
				ASSETCATALOG_COMPILER_APPICON_NAME = AppIcon;
				ASSETCATALOG_COMPILER_GLOBAL_ACCENT_COLOR_NAME = AccentColor;
				CODE_SIGN_STYLE = Automatic;
				CURRENT_PROJECT_VERSION = 1;
				DEVELOPMENT_ASSET_PATHS = "\"jankenGame/Preview Content\"";
				DEVELOPMENT_TEAM = F7NR4NRHHB;
				ENABLE_PREVIEWS = YES;
				GENERATE_INFOPLIST_FILE = YES;
				INFOPLIST_KEY_UIApplicationSceneManifest_Generation = YES;
				INFOPLIST_KEY_UIApplicationSupportsIndirectInputEvents = YES;
				INFOPLIST_KEY_UILaunchScreen_Generation = YES;
				INFOPLIST_KEY_UISupportedInterfaceOrientations_iPad = "UIInterfaceOrientationPortrait UIInterfaceOrientationPortraitUpsideDown UIInterfaceOrientationLandscapeLeft UIInterfaceOrientationLandscapeRight";
				INFOPLIST_KEY_UISupportedInterfaceOrientations_iPhone = "UIInterfaceOrientationPortrait UIInterfaceOrientationLandscapeLeft UIInterfaceOrientationLandscapeRight";
				LD_RUNPATH_SEARCH_PATHS = (
					"$(inherited)",
					"@executable_path/Frameworks",
				);
				MARKETING_VERSION = 1.0;
				PRODUCT_BUNDLE_IDENTIFIER = chika.jankenGame;
				PRODUCT_NAME = "$(TARGET_NAME)";
				SWIFT_EMIT_LOC_STRINGS = YES;
				SWIFT_VERSION = 5.0;
				TARGETED_DEVICE_FAMILY = "1,2";
			};
			name = Release;
		};
		1850D6072D07DCE0000A4990 /* Debug */ = {
			isa = XCBuildConfiguration;
			buildSettings = {
				BUNDLE_LOADER = "$(TEST_HOST)";
				CODE_SIGN_STYLE = Automatic;
				CURRENT_PROJECT_VERSION = 1;
				DEVELOPMENT_TEAM = F7NR4NRHHB;
				GENERATE_INFOPLIST_FILE = YES;
				IPHONEOS_DEPLOYMENT_TARGET = 18.1;
				MARKETING_VERSION = 1.0;
				PRODUCT_BUNDLE_IDENTIFIER = chika.jankenGameTests;
				PRODUCT_NAME = "$(TARGET_NAME)";
				SWIFT_EMIT_LOC_STRINGS = NO;
				SWIFT_VERSION = 5.0;
				TARGETED_DEVICE_FAMILY = "1,2";
				TEST_HOST = "$(BUILT_PRODUCTS_DIR)/jankenGame.app/$(BUNDLE_EXECUTABLE_FOLDER_PATH)/jankenGame";
			};
			name = Debug;
		};
		1850D6082D07DCE0000A4990 /* Release */ = {
			isa = XCBuildConfiguration;
			buildSettings = {
				BUNDLE_LOADER = "$(TEST_HOST)";
				CODE_SIGN_STYLE = Automatic;
				CURRENT_PROJECT_VERSION = 1;
				DEVELOPMENT_TEAM = F7NR4NRHHB;
				GENERATE_INFOPLIST_FILE = YES;
				IPHONEOS_DEPLOYMENT_TARGET = 18.1;
				MARKETING_VERSION = 1.0;
				PRODUCT_BUNDLE_IDENTIFIER = chika.jankenGameTests;
				PRODUCT_NAME = "$(TARGET_NAME)";
				SWIFT_EMIT_LOC_STRINGS = NO;
				SWIFT_VERSION = 5.0;
				TARGETED_DEVICE_FAMILY = "1,2";
				TEST_HOST = "$(BUILT_PRODUCTS_DIR)/jankenGame.app/$(BUNDLE_EXECUTABLE_FOLDER_PATH)/jankenGame";
			};
			name = Release;
		};
		1850D60A2D07DCE0000A4990 /* Debug */ = {
			isa = XCBuildConfiguration;
			buildSettings = {
				CODE_SIGN_STYLE = Automatic;
				CURRENT_PROJECT_VERSION = 1;
				DEVELOPMENT_TEAM = F7NR4NRHHB;
				GENERATE_INFOPLIST_FILE = YES;
				MARKETING_VERSION = 1.0;
				PRODUCT_BUNDLE_IDENTIFIER = chika.jankenGameUITests;
				PRODUCT_NAME = "$(TARGET_NAME)";
				SWIFT_EMIT_LOC_STRINGS = NO;
				SWIFT_VERSION = 5.0;
				TARGETED_DEVICE_FAMILY = "1,2";
				TEST_TARGET_NAME = jankenGame;
			};
			name = Debug;
		};
		1850D60B2D07DCE0000A4990 /* Release */ = {
			isa = XCBuildConfiguration;
			buildSettings = {
				CODE_SIGN_STYLE = Automatic;
				CURRENT_PROJECT_VERSION = 1;
				DEVELOPMENT_TEAM = F7NR4NRHHB;
				GENERATE_INFOPLIST_FILE = YES;
				MARKETING_VERSION = 1.0;
				PRODUCT_BUNDLE_IDENTIFIER = chika.jankenGameUITests;
				PRODUCT_NAME = "$(TARGET_NAME)";
				SWIFT_EMIT_LOC_STRINGS = NO;
				SWIFT_VERSION = 5.0;
				TARGETED_DEVICE_FAMILY = "1,2";
				TEST_TARGET_NAME = jankenGame;
			};
			name = Release;
		};
/* End XCBuildConfiguration section */

/* Begin XCConfigurationList section */
		1850D5DA2D07DCDF000A4990 /* Build configuration list for PBXProject "jankenGame" */ = {
			isa = XCConfigurationList;
			buildConfigurations = (
				1850D6012D07DCE0000A4990 /* Debug */,
				1850D6022D07DCE0000A4990 /* Release */,
			);
			defaultConfigurationIsVisible = 0;
			defaultConfigurationName = Release;
		};
		1850D6032D07DCE0000A4990 /* Build configuration list for PBXNativeTarget "jankenGame" */ = {
			isa = XCConfigurationList;
			buildConfigurations = (
				1850D6042D07DCE0000A4990 /* Debug */,
				1850D6052D07DCE0000A4990 /* Release */,
			);
			defaultConfigurationIsVisible = 0;
			defaultConfigurationName = Release;
		};
		1850D6062D07DCE0000A4990 /* Build configuration list for PBXNativeTarget "jankenGameTests" */ = {
			isa = XCConfigurationList;
			buildConfigurations = (
				1850D6072D07DCE0000A4990 /* Debug */,
				1850D6082D07DCE0000A4990 /* Release */,
			);
			defaultConfigurationIsVisible = 0;
			defaultConfigurationName = Release;
		};
		1850D6092D07DCE0000A4990 /* Build configuration list for PBXNativeTarget "jankenGameUITests" */ = {
			isa = XCConfigurationList;
			buildConfigurations = (
				1850D60A2D07DCE0000A4990 /* Debug */,
				1850D60B2D07DCE0000A4990 /* Release */,
			);
			defaultConfigurationIsVisible = 0;
			defaultConfigurationName = Release;
		};
/* End XCConfigurationList section */
	};
	rootObject = 1850D5D72D07DCDF000A4990 /* Project object */;
}
